PODS:
  - GoogleMaps (3.1.0):
    - GoogleMaps/Maps (= 3.1.0)
  - GoogleMaps/Base (3.1.0)
  - GoogleMaps/Maps (3.1.0):
    - GoogleMaps/Base
  - GooglePlaces (3.1.0):
    - GoogleMaps/Base (= 3.1.0)
  - SwiftyJSON (4.3.0)
  - YelpAPI (3.0.0)

DEPENDENCIES:
  - GoogleMaps
  - GooglePlaces
  - SwiftyJSON (~> 4.0)
  - YelpAPI

SPEC REPOS:
  https://github.com/cocoapods/specs.git:
    - GoogleMaps
    - GooglePlaces
    - SwiftyJSON
    - YelpAPI

SPEC CHECKSUMS:
  GoogleMaps: 5c13302e6fe6bb6e686b267196586b91cd594225
  GooglePlaces: e874db179f2675c4f3eeda0b686b540273a578b0
  SwiftyJSON: 6faa0040f8b59dead0ee07436cbf76b73c08fd08
  YelpAPI: 9ae0ee45b998d306c1aff9b2d966dc23121f191e

PODFILE CHECKSUM: f958af72c4a7aa19ea2d5855e9413a6afe1411c5

COCOAPODS: 1.6.1
